
Microsoft Visual Studio Solution File, Format Version 12.00
# Visual Studio 15
VisualStudioVersion = 15.0.25807.0
MinimumVisualStudioVersion = 10.0.40219.1
Project("{2150E333-8FDC-42A3-9474-1A3956D46DE8}") = "Engine", "Engine", "{F928E297-82C1-4012-BE02-B5D4A2A01A2F}"
EndProject
Project("{2150E333-8FDC-42A3-9474-1A3956D46DE8}") = "Games", "Games", "{3EA05C11-0ED3-4D5D-9128-0F4E0550962A}"
EndProject
Project("{8BC9CEB8-8B4A-11D0-8D11-00A0C91BC942}") = "UE4", "Intermediate\ProjectFiles\UE4.vcxproj", "{8F3EF8A1-A9E7-49A5-9D2A-E99C81EB8389}"
EndProject
Project("{8BC9CEB8-8B4A-11D0-8D11-00A0C91BC942}") = "unreal_demo", "Intermediate\ProjectFiles\unreal_demo.vcxproj", "{664D68F3-A834-4C0B-9530-7D81C0515D0C}"
EndProject
Project("{2150E333-8FDC-42A3-9474-1A3956D46DE8}") = "Visualizers", "Visualizers", "{397037DD-5C69-48B1-A9E3-FDC1BF63E95D}"
	ProjectSection(SolutionItems) = preProject
		..\..\..\..\..\..\Program Files\Epic Games\UE_4.21\Engine\Extras\VisualStudioDebugging\UE4.natvis = ..\..\..\..\..\..\Program Files\Epic Games\UE_4.21\Engine\Extras\VisualStudioDebugging\UE4.natvis
	EndProjectSection
EndProject
Global
	GlobalSection(SolutionConfigurationPlatforms) = preSolution
		DebugGame Editor|HTML5 = DebugGame Editor|HTML5
		DebugGame Editor|Win32 = DebugGame Editor|Win32
		DebugGame Editor|Win64 = DebugGame Editor|Win64
		DebugGame|HTML5 = DebugGame|HTML5
		DebugGame|Win32 = DebugGame|Win32
		DebugGame|Win64 = DebugGame|Win64
		Development Editor|HTML5 = Development Editor|HTML5
		Development Editor|Win32 = Development Editor|Win32
		Development Editor|Win64 = Development Editor|Win64
		Development|HTML5 = Development|HTML5
		Development|Win32 = Development|Win32
		Development|Win64 = Development|Win64
		Shipping|HTML5 = Shipping|HTML5
		Shipping|Win32 = Shipping|Win32
		Shipping|Win64 = Shipping|Win64
	EndGlobalSection
	GlobalSection(ProjectConfigurationPlatforms) = postSolution
		{8F3EF8A1-A9E7-49A5-9D2A-E99C81EB8389}.DebugGame Editor|HTML5.ActiveCfg = BuiltWithUnrealBuildTool|Win32
		{8F3EF8A1-A9E7-49A5-9D2A-E99C81EB8389}.DebugGame Editor|Win32.ActiveCfg = BuiltWithUnrealBuildTool|Win32
		{8F3EF8A1-A9E7-49A5-9D2A-E99C81EB8389}.DebugGame Editor|Win64.ActiveCfg = BuiltWithUnrealBuildTool|Win32
		{8F3EF8A1-A9E7-49A5-9D2A-E99C81EB8389}.DebugGame|HTML5.ActiveCfg = BuiltWithUnrealBuildTool|Win32
		{8F3EF8A1-A9E7-49A5-9D2A-E99C81EB8389}.DebugGame|Win32.ActiveCfg = BuiltWithUnrealBuildTool|Win32
		{8F3EF8A1-A9E7-49A5-9D2A-E99C81EB8389}.DebugGame|Win64.ActiveCfg = BuiltWithUnrealBuildTool|Win32
		{8F3EF8A1-A9E7-49A5-9D2A-E99C81EB8389}.Development Editor|HTML5.ActiveCfg = BuiltWithUnrealBuildTool|Win32
		{8F3EF8A1-A9E7-49A5-9D2A-E99C81EB8389}.Development Editor|Win32.ActiveCfg = BuiltWithUnrealBuildTool|Win32
		{8F3EF8A1-A9E7-49A5-9D2A-E99C81EB8389}.Development Editor|Win64.ActiveCfg = BuiltWithUnrealBuildTool|Win32
		{8F3EF8A1-A9E7-49A5-9D2A-E99C81EB8389}.Development|HTML5.ActiveCfg = BuiltWithUnrealBuildTool|Win32
		{8F3EF8A1-A9E7-49A5-9D2A-E99C81EB8389}.Development|Win32.ActiveCfg = BuiltWithUnrealBuildTool|Win32
		{8F3EF8A1-A9E7-49A5-9D2A-E99C81EB8389}.Development|Win64.ActiveCfg = BuiltWithUnrealBuildTool|Win32
		{8F3EF8A1-A9E7-49A5-9D2A-E99C81EB8389}.Shipping|HTML5.ActiveCfg = BuiltWithUnrealBuildTool|Win32
		{8F3EF8A1-A9E7-49A5-9D2A-E99C81EB8389}.Shipping|Win32.ActiveCfg = BuiltWithUnrealBuildTool|Win32
		{8F3EF8A1-A9E7-49A5-9D2A-E99C81EB8389}.Shipping|Win64.ActiveCfg = BuiltWithUnrealBuildTool|Win32
		{664D68F3-A834-4C0B-9530-7D81C0515D0C}.DebugGame Editor|HTML5.ActiveCfg = Invalid|Win32
		{664D68F3-A834-4C0B-9530-7D81C0515D0C}.DebugGame Editor|Win32.ActiveCfg = Invalid|Win32
		{664D68F3-A834-4C0B-9530-7D81C0515D0C}.DebugGame Editor|Win64.ActiveCfg = DebugGame_Editor|x64
		{664D68F3-A834-4C0B-9530-7D81C0515D0C}.DebugGame Editor|Win64.Build.0 = DebugGame_Editor|x64
		{664D68F3-A834-4C0B-9530-7D81C0515D0C}.DebugGame|HTML5.ActiveCfg = HTML5_DebugGame|Win32
		{664D68F3-A834-4C0B-9530-7D81C0515D0C}.DebugGame|HTML5.Build.0 = HTML5_DebugGame|Win32
		{664D68F3-A834-4C0B-9530-7D81C0515D0C}.DebugGame|Win32.ActiveCfg = DebugGame|Win32
		{664D68F3-A834-4C0B-9530-7D81C0515D0C}.DebugGame|Win32.Build.0 = DebugGame|Win32
		{664D68F3-A834-4C0B-9530-7D81C0515D0C}.DebugGame|Win64.ActiveCfg = DebugGame|x64
		{664D68F3-A834-4C0B-9530-7D81C0515D0C}.DebugGame|Win64.Build.0 = DebugGame|x64
		{664D68F3-A834-4C0B-9530-7D81C0515D0C}.Development Editor|HTML5.ActiveCfg = Invalid|Win32
		{664D68F3-A834-4C0B-9530-7D81C0515D0C}.Development Editor|Win32.ActiveCfg = Invalid|Win32
		{664D68F3-A834-4C0B-9530-7D81C0515D0C}.Development Editor|Win64.ActiveCfg = Development_Editor|x64
		{664D68F3-A834-4C0B-9530-7D81C0515D0C}.Development Editor|Win64.Build.0 = Development_Editor|x64
		{664D68F3-A834-4C0B-9530-7D81C0515D0C}.Development|HTML5.ActiveCfg = HTML5_Development|Win32
		{664D68F3-A834-4C0B-9530-7D81C0515D0C}.Development|HTML5.Build.0 = HTML5_Development|Win32
		{664D68F3-A834-4C0B-9530-7D81C0515D0C}.Development|Win32.ActiveCfg = Development|Win32
		{664D68F3-A834-4C0B-9530-7D81C0515D0C}.Development|Win32.Build.0 = Development|Win32
		{664D68F3-A834-4C0B-9530-7D81C0515D0C}.Development|Win64.ActiveCfg = Development|x64
		{664D68F3-A834-4C0B-9530-7D81C0515D0C}.Development|Win64.Build.0 = Development|x64
		{664D68F3-A834-4C0B-9530-7D81C0515D0C}.Shipping|HTML5.ActiveCfg = HTML5_Shipping|Win32
		{664D68F3-A834-4C0B-9530-7D81C0515D0C}.Shipping|HTML5.Build.0 = HTML5_Shipping|Win32
		{664D68F3-A834-4C0B-9530-7D81C0515D0C}.Shipping|Win32.ActiveCfg = Shipping|Win32
		{664D68F3-A834-4C0B-9530-7D81C0515D0C}.Shipping|Win32.Build.0 = Shipping|Win32
		{664D68F3-A834-4C0B-9530-7D81C0515D0C}.Shipping|Win64.ActiveCfg = Shipping|x64
		{664D68F3-A834-4C0B-9530-7D81C0515D0C}.Shipping|Win64.Build.0 = Shipping|x64
	EndGlobalSection
	GlobalSection(SolutionProperties) = preSolution
		HideSolutionNode = FALSE
	EndGlobalSection
	GlobalSection(NestedProjects) = preSolution
		{8F3EF8A1-A9E7-49A5-9D2A-E99C81EB8389} = {F928E297-82C1-4012-BE02-B5D4A2A01A2F}
		{664D68F3-A834-4C0B-9530-7D81C0515D0C} = {3EA05C11-0ED3-4D5D-9128-0F4E0550962A}
	EndGlobalSection
EndGlobal
